
Microsoft Visual Studio Solution File, Format Version 11.00
# Visual Studio 2010
Project("{FAE04EC0-301F-11D3-BF4B-00C04F79EFBC}") = "speedup", "speedup\speedup\speedup.csproj", "{6A196D86-FD07-4CB1-A710-5E5A9B16AB51}"
	ProjectSection(ProjectDependencies) = postProject
		{0A850700-1ABB-4288-A391-6726B90EBEB9} = {0A850700-1ABB-4288-A391-6726B90EBEB9}
	EndProjectSection
EndProject
Project("{FAE04EC0-301F-11D3-BF4B-00C04F79EFBC}") = "speedupContent", "speedup\speedupContent\speedupContent.contentproj", "{8DC74401-B8B9-4693-9D9B-E12EE0B7935A}"
EndProject
Project("{FAE04EC0-301F-11D3-BF4B-00C04F79EFBC}") = "Farseer Physics XNA", "Farseer Physics Engine 3.3 XNA\Farseer Physics XNA.csproj", "{0A850700-1ABB-4288-A391-6726B90EBEB9}"
EndProject
Global
	GlobalSection(SolutionConfigurationPlatforms) = preSolution
		Debug|x86 = Debug|x86
		Release|x86 = Release|x86
	EndGlobalSection
	GlobalSection(ProjectConfigurationPlatforms) = postSolution
		{6A196D86-FD07-4CB1-A710-5E5A9B16AB51}.Debug|x86.ActiveCfg = Debug|x86
		{6A196D86-FD07-4CB1-A710-5E5A9B16AB51}.Debug|x86.Build.0 = Debug|x86
		{6A196D86-FD07-4CB1-A710-5E5A9B16AB51}.Release|x86.ActiveCfg = Release|x86
		{6A196D86-FD07-4CB1-A710-5E5A9B16AB51}.Release|x86.Build.0 = Release|x86
		{8DC74401-B8B9-4693-9D9B-E12EE0B7935A}.Debug|x86.ActiveCfg = Debug|x86
		{8DC74401-B8B9-4693-9D9B-E12EE0B7935A}.Release|x86.ActiveCfg = Release|x86
		{0A850700-1ABB-4288-A391-6726B90EBEB9}.Debug|x86.ActiveCfg = Debug|x86
		{0A850700-1ABB-4288-A391-6726B90EBEB9}.Debug|x86.Build.0 = Debug|x86
		{0A850700-1ABB-4288-A391-6726B90EBEB9}.Release|x86.ActiveCfg = Release|x86
		{0A850700-1ABB-4288-A391-6726B90EBEB9}.Release|x86.Build.0 = Release|x86
	EndGlobalSection
	GlobalSection(SolutionProperties) = preSolution
		HideSolutionNode = FALSE
	EndGlobalSection
EndGlobal
